version = 1
revision = 3
requires-python = ">=3.14"

[[package]]
name = "gatekit"
version = "0.1.0"
source = { virtual = "." }

[package.dev-dependencies]
dev = [
    { name = "hypothesis" },
    { name = "pyright", extra = ["nodejs"] },
    { name = "ruff" },
]

[package.metadata]

[package.metadata.requires-dev]
dev = [
    { name = "hypothesis", specifier = ">=6.100,<7" },
    { name = "pyright", extras = ["nodejs"], specifier = ">=1.1.400,<2" },
    { name = "ruff", specifier = ">=0.16,<0.17" },
]

[[package]]
name = "hypothesis"
version = "6.168.3"
source = { registry = "https://pypi.org/simple" }
dependencies = [
    { name = "sortedcontainers" },
]
sdist = { url = "https://files.pythonhosted.org/packages/09/b7/13118bbc45d6d8b9d04e2de779e2a4ff23145ea39efa692b994fb874ca72/hypothesis-6.168.3.tar.gz", hash = "sha256:a43388f9067678fef6e13bdff325b6cfa6961a590498bb37f7ff31589c83bc75", size = 511022, upload-time = "2026-09-28T05:20:58.499Z" }
wheels = [
    { url = "https://files.pythonhosted.org/packages/2b/cd/746a2fc1e5e5ba34f07ea6ee1ad07525a3dde5ff4836db3a7980af49a891/hypothesis-6.168.3-cp310-abi3-macosx_10_12_x86_64.whl", hash = "sha256:d20972ca134e652e9928ecd200966a8a2857adc2812c1d74b12a872e5cd503eb", size = 791536, upload-time = "2026-09-28T05:18:57.162Z" },
    { url = "https://files.pythonhosted.org/packages/c3/0f/7a158e377b69556c8e12c25c8fd811d0103e54c24a12dab1f3b9819f202e/hypothesis-6.168.3-cp310-abi3-macosx_11_0_arm64.whl", hash = "sha256:eafbec09d3e87d13d8242411d1f5868b5e879f1bd6d95e233e9ff80c527bea1c", size = 787313, upload-time = "2026-09-28T05:20:18.122Z" },
    { url = "https://files.pythonhosted.org/packages/45/c6/7df9104ee359e8fcd77791781c47e70794964ca69673665e0de2a6590f4c/hypothesis-6.168.3-cp310-abi3-manylinux_2_17_aarch64.manylinux2014_aarch64.whl", hash = "sha256:73c5627497968cc62d140e9fde1ea21e12cac7b64dc419fea8286cd34ff1ad4e", size = 1124036, upload-time = "2026-09-28T05:20:04.372Z" },
    { url = "https://files.pythonhosted.org/packages/92/0f/8a61715404a73b9a82cb1f976803428d603cdea976a9c30266c72ad6a7ce/hypothesis-6.168.3-cp310-abi3-manylinux_2_17_armv7l.manylinux2014_armv7l.whl", hash = "sha256:29dc56e6dc6eeb0aeb08ac463f847279bde2336c4786faf7ee0af4b93cd031a7", size = 1147875, upload-time = "2026-09-28T05:19:15.495Z" },
    { url = "https://files.pythonhosted.org/packages/e4/3f/2b16e95cc3b9a069afa23830a012aefe377ce4a457a227e5a5026eb827ff/hypothesis-6.168.3-cp310-abi3-manylinux_2_17_ppc64le.manylinux2014_ppc64le.whl", hash = "sha256:753bb501f8560d2e321ed3b62596b4496c56f15668b0a0669231ccc3e6c4e80d", size = 1149489, upload-time = "2026-09-28T05:19:18.886Z" },
    { url = "https://files.pythonhosted.org/packages/f6/e7/d7cf6dc068bb02732b2a6e38a35a0dcb7f2137608198fc79d740f69d197c/hypothesis-6.168.3-cp310-abi3-manylinux_2_17_s390x.manylinux2014_s390x.whl", hash = "sha256:71ab606c472449cb872ef2a7acaec679ee4f651b7f0a477a04ebc85d8933ef8c", size = 1191992, upload-time = "2026-09-28T05:19:21.83Z" },
    { url = "https://files.pythonhosted.org/packages/5f/26/f1e5b25dec15998e8375d722825ec3dae1075cbe7cb1f74221b2312a2e33/hypothesis-6.168.3-cp310-abi3-manylinux_2_17_x86_64.manylinux2014_x86_64.whl", hash = "sha256:26928956c54748e4dfa587333741ab750246123b93484955646ff316cca27eef", size = 1169911, upload-time = "2026-09-28T05:19:27.996Z" },
    { url = "https://files.pythonhosted.org/packages/03/36/901234a49147e6bf8a5b9e54b775706a223c2b52befea1106ea2aaf15d48/hypothesis-6.168.3-cp310-abi3-manylinux_2_31_riscv64.whl", hash = "sha256:0bdfc53c041b61c854fa3761735736b991bc2bddafee45a361cfe4d43027c1ef", size = 1129406, upload-time = "2026-09-28T05:18:42.632Z" },
    { url = "https://files.pythonhosted.org/packages/55/c1/5fc9ff91ec9fba6bb527833386c66812524b5cc75fe7d4a4f9122ee1c420/hypothesis-6.168.3-cp310-abi3-manylinux_2_5_i686.manylinux1_i686.whl", hash = "sha256:650528e2b1e2a45e95c2df624d4b9364b8ac5a027ba84e1eea2bc5398dd01dcd", size = 1160399, upload-time = "2026-09-28T05:20:23.911Z" },
    { url = "https://files.pythonhosted.org/packages/9b/d2/49ad1ef5c55547c8abfd0fc571b3493806dda530fd5cb3d8263dbad86a72/hypothesis-6.168.3-cp310-abi3-musllinux_1_2_aarch64.whl", hash = "sha256:209dc54cdb1b4d6d7020ad8d09e44c49756361b7183adacea4d6f5705085b595", size = 1299906, upload-time = "2026-09-28T05:18:58.417Z" },
    { url = "https://files.pythonhosted.org/packages/0d/5f/f98a26094c4f462c4215807bed0f9a6b5508b27a3c329bcba1bc8adc7ac7/hypothesis-6.168.3-cp310-abi3-musllinux_1_2_armv7l.whl", hash = "sha256:af8ca98cd11dc7f9427bb90483abcd9688d4df2e8e63893a30a2423b027ebb11", size = 1425538, upload-time = "2026-09-28T05:20:49.074Z" },
    { url = "https://files.pythonhosted.org/packages/d0/b8/c5b4406e3a6591e51a42f85469351d1d824e0a54b84167aec9b2353759fe/hypothesis-6.168.3-cp310-abi3-musllinux_1_2_i686.whl", hash = "sha256:f8122cfdd0bc0ba843063effa22ac310bdebdb3a1319bf1e63f14baa119c72ab", size = 1377084, upload-time = "2026-09-28T05:20:06.618Z" },
    { url = "https://files.pythonhosted.org/packages/e0/01/0d84a8ea469d024c15f602799c0b8410fbe03d99fdb0370449b33c3c916f/hypothesis-6.168.3-cp310-abi3-musllinux_1_2_ppc64le.whl", hash = "sha256:4bedbb379eab34f792af7ee9a05aae04e9c08bbb52e0f90f5a2110d4fe4b2fbd", size = 1281162, upload-time = "2026-09-28T05:19:42.768Z" },
    { url = "https://files.pythonhosted.org/packages/22/b5/ea6435038de1a795f005cb603531e8ccc053febc50180f3ab55583c9c60e/hypothesis-6.168.3-cp310-abi3-musllinux_1_2_riscv64.whl", hash = "sha256:5a953115b9f5c95133ab2d04efffeec96e5658c3207923dca7285f7db3e6bbef", size = 1300433, upload-time = "2026-09-28T05:18:55.634Z" },
    { url = "https://files.pythonhosted.org/packages/6c/78/fa6c77d9f64b6d592e69e582d83cbce7d7e56897faa4762885a2123b0166/hypothesis-6.168.3-cp310-abi3-musllinux_1_2_x86_64.whl", hash = "sha256:6173558e676ad25ed1e20507fa4024a0d816dd90f715f77006e5a28f19109026", size = 1336273, upload-time = "2026-09-28T05:19:08.273Z" },
    { url = "https://files.pythonhosted.org/packages/f1/56/4acd0d778bab818c9ea336fcba768bf43bc70db7f84cc373579298df4641/hypothesis-6.168.3-cp310-abi3-win32.whl", hash = "sha256:dc66390fb12d80585aa9222bf538ce8b7aa22cf5d118250647355a1c9e8f62f4", size = 678211, upload-time = "2026-09-28T05:19:23.355Z" },
    { url = "https://files.pythonhosted.org/packages/b0/db/0a02b146ad1c30f9716362f2e1a379dfd6b0f7be03ac1e22c9da24c9e2a9/hypothesis-6.168.3-cp310-abi3-win_amd64.whl", hash = "sha256:92325b276360fe86c5bf71a568c0d53a6d140b0de36dcf029f9164a17803bb24", size = 684906, upload-time = "2026-09-28T05:18:35.099Z" },
    { url = "https://files.pythonhosted.org/packages/a3/c0/958deaf726848f96f52250740bf39f13f476b068e22f73e2b358eaa07532/hypothesis-6.168.3-cp310-abi3-win_arm64.whl", hash = "sha256:3cf6f1eeaf41cd8d60cf1f88fde905ca1dd77c906929a507d6ac7f66f2ccba2a", size = 683292, upload-time = "2026-09-28T05:19:57.404Z" },
    { url = "https://files.pythonhosted.org/packages/6e/79/27b0cb56ff5d2bc92458bf6fcebdb1f0dc01f57f043a178e9f9d74498169/hypothesis-6.168.3-cp314-cp314-macosx_10_12_x86_64.whl", hash = "sha256:e2d4c68729a13df9af4998d2652cfb5d541c5609b88c306880a5dfb284938ec2", size = 793287, upload-time = "2026-09-28T05:20:38.522Z" },
    { url = "https://files.pythonhosted.org/packages/e8/bd/5342f95c3bc36586777ef8cb8eba87ac7acf0184210327fb0e6d8654e295/hypothesis-6.168.3-cp314-cp314-macosx_11_0_arm64.whl", hash = "sha256:b345f818083ec99966a43ca4f7b38feb62c6920ce28572bc2bde4948a8b7eaba", size = 784857, upload-time = "2026-09-28T05:20:42.609Z" },
    { url = "https://files.pythonhosted.org/packages/4a/5f/fc774241518a0588d362680a3084275058aab86d6bc02a2c61e1073142d0/hypothesis-6.168.3-cp314-cp314-manylinux_2_17_aarch64.manylinux2014_aarch64.whl", hash = "sha256:0608c610fc002978fc5de0f471770d8817e9455cb8649a47983c9f8bccfc1897", size = 1123330, upload-time = "2026-09-28T05:19:29.735Z" },
    { url = "https://files.pythonhosted.org/packages/b0/e6/131f16775a3dca5f4fe27f0d6ad9a9851600098a54a872d163f6ebf0b664/hypothesis-6.168.3-cp314-cp314-manylinux_2_17_x86_64.manylinux2014_x86_64.whl", hash = "sha256:9dcf6448b1ecc37f2b23f2d1b3ddfc9ff6b6910614c15a642dc82f419b96037b", size = 1169178, upload-time = "2026-09-28T05:19:53.436Z" },
    { url = "https://files.pythonhosted.org/packages/06/61/c9f5bff8b73321c9fd12f2d69666c6e4861b97b60f5f24fdd6ac293007fd/hypothesis-6.168.3-cp314-cp314-musllinux_1_2_aarch64.whl", hash = "sha256:ae4f9f094041dcce5119ebd7bab71062743ab02b6e654d056b370beda78c19e2", size = 1299127, upload-time = "2026-09-28T05:20:14.486Z" },
    { url = "https://files.pythonhosted.org/packages/e4/6d/d4618f8ab12dd76c4d58ea052252759aa2bf0c4e71f4b502ba5d577e0b9f/hypothesis-6.168.3-cp314-cp314-musllinux_1_2_x86_64.whl", hash = "sha256:d479985fe73af97badfb72dc6d20c6a353e486a36f6d065f600026e0cf954a86", size = 1335390, upload-time = "2026-09-28T05:20:10.326Z" },
    { url = "https://files.pythonhosted.org/packages/95/b6/727161e17cc297df1aeea945de05c532033b66751625bec192bc5b5ff707/hypothesis-6.168.3-cp314-cp314-pyemscripten_2026_0_wasm32.whl", hash = "sha256:785e2c45f8c08e274b4bf1ccae97f1a4e09407e9a68e80790cfab1d17a4a45fa", size = 624291, upload-time = "2026-09-28T05:18:36.376Z" },
    { url = "https://files.pythonhosted.org/packages/77/23/2f9b506392a0b8712440bcb781abc5713be9ffac1303b6d10f3669050882/hypothesis-6.168.3-cp314-cp314-win_amd64.whl", hash = "sha256:320920b1e3dae8611eee8a03d063cf2187446f2a17c38cfb8a7fc1466f71eee2", size = 682064, upload-time = "2026-09-28T05:20:16.336Z" },
    { url = "https://files.pythonhosted.org/packages/50/93/efabfd95eb2b69c0c9fa1e1c83c8290aa2715d46baeb5a7764faf09c133a/hypothesis-6.168.3-cp314-cp314t-macosx_10_12_x86_64.whl", hash = "sha256:35380baa981108a7f60c4eab71e46acd8d8f58440520346a1a6aba06dca7e074", size = 791875, upload-time = "2026-09-28T05:19:37.789Z" },
    { url = "https://files.pythonhosted.org/packages/1b/fc/2a0ada1623a9a33048bbf9f00a7c92513398c6b8865cba5efb854262ce30/hypothesis-6.168.3-cp314-cp314t-macosx_11_0_arm64.whl", hash = "sha256:f0aaaed00438fa6673d856aaee12a4a8afbde82a9f3c5ff487cacfb064239afe", size = 783412, upload-time = "2026-09-28T05:18:48.266Z" },
    { url = "https://files.pythonhosted.org/packages/41/31/73c615d37eeb12da0209555612c32ced628d860267c23cfd2691c6207aea/hypothesis-6.168.3-cp314-cp314t-manylinux_2_17_aarch64.manylinux2014_aarch64.whl", hash = "sha256:f27e6df1576bf838e7f484d4ae5cba92114497ca30afb917056bf1ea33e95675", size = 1121662, upload-time = "2026-09-28T05:19:26.225Z" },
    { url = "https://files.pythonhosted.org/packages/92/54/1893344a3b8bbf83fa7c9bb7e96f6836580213854f46671cb749f7b4706c/hypothesis-6.168.3-cp314-cp314t-manylinux_2_17_x86_64.manylinux2014_x86_64.whl", hash = "sha256:3bc85014577982ec6d2e266edc5cd6e7a7d3674c648791ca983c67a52f89a0c4", size = 1167761, upload-time = "2026-09-28T05:18:49.85Z" },
    { url = "https://files.pythonhosted.org/packages/26/97/a61d82968febd25a0f08ffbbfabfaeead66f68fc5fa73f3c9ece1c36fc8f/hypothesis-6.168.3-cp314-cp314t-musllinux_1_2_aarch64.whl", hash = "sha256:ccfc29505aa1cdcc254cb9cd701fd0811fef5480addd97d4127a00df023410f7", size = 1297309, upload-time = "2026-09-28T05:19:51.711Z" },
    { url = "https://files.pythonhosted.org/packages/bc/01/fe8e4cf6d39d02f4efadaa351427fa13722086cfc54a2da3579741c5177a/hypothesis-6.168.3-cp314-cp314t-musllinux_1_2_x86_64.whl", hash = "sha256:32d0699566aaa93f9e97a44705d7164386f1e91de78d277f53bada35e78bcc96", size = 1334260, upload-time = "2026-09-28T05:19:00.121Z" },
    { url = "https://files.pythonhosted.org/packages/39/6a/09177ebc62f4778f94379ecade6a51299d3d8c4f4b75ba636bf3a0202364/hypothesis-6.168.3-cp314-cp314t-win_amd64.whl", hash = "sha256:28d88fa174ecbd4ecbd7bb290f06d0db084a3971c3f511ae2830b65b5e25500f", size = 681992, upload-time = "2026-09-28T05:19:48.043Z" },
    { url = "https://files.pythonhosted.org/packages/f9/f6/890bf33d608cd63348d3146a3ca83362fbf09e589c5e5230a00c403070f4/hypothesis-6.168.3-cp315-abi3.abi3t-macosx_10_12_x86_64.whl", hash = "sha256:61f5782d807b1e6aa5c9beef1054cb2037e7d1add48a64972cd6ee447778781f", size = 791231, upload-time = "2026-09-28T05:18:43.998Z" },
    { url = "https://files.pythonhosted.org/packages/03/dd/fc36b204f8aa7437c676576d9437f0422de46aa8a729e6cd5bbb0224e759/hypothesis-6.168.3-cp315-abi3.abi3t-macosx_11_0_arm64.whl", hash = "sha256:7aacf3cf40c7ce8f9e4924d5b57bc0b068beafdfed2347bcf160a28b4cfbba7b", size = 783171, upload-time = "2026-09-28T05:19:20.353Z" },
    { url = "https://files.pythonhosted.org/packages/5c/d2/3cd087d577db67c404991d7723e64d7cd75570cdc82a0f7329aed6f2086c/hypothesis-6.168.3-cp315-abi3.abi3t-manylinux_2_17_aarch64.manylinux2014_aarch64.whl", hash = "sha256:01768a03a30dc54df7fe457c0b34016c84d598fa00d5965ededab93ba4eb3408", size = 1121152, upload-time = "2026-09-28T05:18:39.095Z" },
    { url = "https://files.pythonhosted.org/packages/42/6f/a05a68cc66e7a22701c50bf94fb9ddeb36f4f5d0de3cc130066709eda621/hypothesis-6.168.3-cp315-abi3.abi3t-manylinux_2_17_armv7l.manylinux2014_armv7l.whl", hash = "sha256:1a8a4ffc6c6e6e577f2bfbcfebf7cffbb310283ba2532c729570a0a752cebaaa", size = 1144069, upload-time = "2026-09-28T05:20:44.705Z" },
    { url = "https://files.pythonhosted.org/packages/4a/f4/fdd7a093fb2fb3a0ce24256c92ad5bf67936f4669bd06d5ceae4298150ec/hypothesis-6.168.3-cp315-abi3.abi3t-manylinux_2_17_ppc64le.manylinux2014_ppc64le.whl", hash = "sha256:b987d73eba95183a7e59cca6d1925c588aa4307922d9852cc2b4d282a2ae4128", size = 1146692, upload-time = "2026-09-28T05:20:25.83Z" },
    { url = "https://files.pythonhosted.org/packages/f1/c8/6dbd4377e935505ae4fc8ee4c7b18c69994c4bbaca015447c470218bdbee/hypothesis-6.168.3-cp315-abi3.abi3t-manylinux_2_17_s390x.manylinux2014_s390x.whl", hash = "sha256:d4569c39bd97d9573e946429ed676f3b55a7c8ed80920addd67d384a47d59b38", size = 1189480, upload-time = "2026-09-28T05:20:46.734Z" },
    { url = "https://files.pythonhosted.org/packages/ba/bf/ff288b496b690000d2686dcfa7f67855e4c5a6dddb464ed8e4880be83bb2/hypothesis-6.168.3-cp315-abi3.abi3t-manylinux_2_17_x86_64.manylinux2014_x86_64.whl", hash = "sha256:6042b8707a4b25bbbfe20b110258fb7549a68951e5525608a8ce06091039e9fc", size = 1167109, upload-time = "2026-09-28T05:19:24.758Z" },
    { url = "https://files.pythonhosted.org/packages/d9/d1/3fee2bc29fc747fabbb27e174515592e390809ca465d3bbbabbcfa3235a8/hypothesis-6.168.3-cp315-abi3.abi3t-manylinux_2_31_riscv64.whl", hash = "sha256:f413629de94d38a7a2ad259697a6752526143cb49c2e2d7bdba19381c80693f6", size = 1126823, upload-time = "2026-09-28T05:18:52.636Z" },
    { url = "https://files.pythonhosted.org/packages/58/6a/585294392fa6a6d9719446a042a777ba98ecca265d9e48cbedc10c88df0f/hypothesis-6.168.3-cp315-abi3.abi3t-manylinux_2_5_i686.manylinux1_i686.whl", hash = "sha256:f071737e4e775bebba07e319eb645a880d1e0186b4d24bad23255e849d86d483", size = 1155773, upload-time = "2026-09-28T05:20:51.268Z" },
    { url = "https://files.pythonhosted.org/packages/cd/4d/fa283ff79996debf1ff08593e01f8b773eb8211b19b3d6d5d491317a65bf/hypothesis-6.168.3-cp315-abi3.abi3t-musllinux_1_2_aarch64.whl", hash = "sha256:f59a3912858d0609c26054aa1c474847c797937f5e0e1c77f0d3f08032e50f09", size = 1296671, upload-time = "2026-09-28T05:18:46.937Z" },
    { url = "https://files.pythonhosted.org/packages/42/05/98f9c2f628da5afabb6c3e8df5d2d299d2d50bf306b14a6e26d3954c4951/hypothesis-6.168.3-cp315-abi3.abi3t-musllinux_1_2_armv7l.whl", hash = "sha256:f09c05a23a8025dd5cad07c2ed299a46778e72d49ff0dd5bf353bcc0f7dc1580", size = 1422001, upload-time = "2026-09-28T05:19:04.188Z" },
    { url = "https://files.pythonhosted.org/packages/b8/c9/f2109ade29a7ec284d55bca328d784743e8b13e321576fd34ee7e65f99af/hypothesis-6.168.3-cp315-abi3.abi3t-musllinux_1_2_i686.whl", hash = "sha256:44ace770bda3a0301739fc5a413c764de790c739df1f1a7218dd049f8594d9f5", size = 1374182, upload-time = "2026-09-28T05:20:27.764Z" },
    { url = "https://files.pythonhosted.org/packages/ce/6d/e05d5f72441564a3bebc71fa155deafd0fd3b015d6014ec8a00edf6e42bb/hypothesis-6.168.3-cp315-abi3.abi3t-musllinux_1_2_ppc64le.whl", hash = "sha256:03b131043608f94a2578a2a896a1a72092acb7079815eef5b8513b08447e0e62", size = 1278402, upload-time = "2026-09-28T05:20:56.332Z" },
    { url = "https://files.pythonhosted.org/packages/96/d7/6988a7f1f69c5c530687dce03a32c157e2d878e3a2e32af9269ce016b78a/hypothesis-6.168.3-cp315-abi3.abi3t-musllinux_1_2_riscv64.whl", hash = "sha256:e9784aca26eddfe99b03a0292320db742cc8a74200ef864fdce949f526f973cd", size = 1297770, upload-time = "2026-09-28T05:19:11.387Z" },
    { url = "https://files.pythonhosted.org/packages/a2/28/5bb82b60b836bd2329e1fe01ad94efc2b14dfa806f8e50ed14b795d78770/hypothesis-6.168.3-cp315-abi3.abi3t-musllinux_1_2_x86_64.whl", hash = "sha256:2b52ac363096232bebc2add117e9178d91f4248f4cdb919fd1026b5f86a4bb16", size = 1333977, upload-time = "2026-09-28T05:20:02.483Z" },
    { url = "https://files.pythonhosted.org/packages/8e/7d/d419841b8f65481ea1a50c4ba36f2670d48b8c7a51e4e8586089564cf7f6/hypothesis-6.168.3-cp315-abi3.abi3t-win32.whl", hash = "sha256:d28e3a6b511a74ce37df5274b51f36c2b274fea7365e00b16f0c81e22acd5957", size = 675394, upload-time = "2026-09-28T05:19:55.237Z" },
    { url = "https://files.pythonhosted.org/packages/d8/d2/1de6a2ad100e44817f2e9a8e8ba3eeaf4769621f4f87f2d4966c4971fcc4/hypothesis-6.168.3-cp315-abi3.abi3t-win_amd64.whl", hash = "sha256:7b9638789548361a57d984f56619ac694a914c328181d911271618409261ff4a", size = 681699, upload-time = "2026-09-28T05:19:09.957Z" },
    { url = "https://files.pythonhosted.org/packages/c0/79/be3370fd02734d6b1d950183ae9224580d19fa8d356b95348d60f1e3eeb7/hypothesis-6.168.3-cp315-abi3.abi3t-win_arm64.whl", hash = "sha256:65d78e4357ec48ed2c67825f06740ee3599be4cfe770a6092bed07108d679ac5", size = 679849, upload-time = "2026-09-28T05:19:06.884Z" },
]

[[package]]
name = "nodeenv"
version = "1.11.0"
source = { registry = "https://pypi.org/simple" }
sdist = { url = "https://files.pythonhosted.org/packages/9a/8e/105de02c1322cfada6d9710d9146ef8026419d433c9d08359a2d35805811/nodeenv-1.11.0.tar.gz", hash = "sha256:3ce8fe5b71d16e8af7039ca65257354100bc772965d6bc549070649e53b1b146", size = 99301, upload-time = "2026-09-26T11:29:21.367Z" }
wheels = [
    { url = "https://files.pythonhosted.org/packages/54/c8/12811c9b48fde162bb72b6f2e78fada9a247a09d7bb5be2050a5d099c77b/nodeenv-1.11.0-py2.py3-none-any.whl", hash = "sha256:edaa16e6c14d7cf395d75d4bbd5a26390f4dc06501a33b4e76282b02cc688a25", size = 34277, upload-time = "2026-09-26T11:29:19.933Z" },
]

[[package]]
name = "nodejs-wheel-binaries"
version = "24.19.0"
source = { registry = "https://pypi.org/simple" }
sdist = { url = "https://files.pythonhosted.org/packages/c0/76/7e97195e14346598565a0de4ca8bdbd5e634b3fb5b1ba590b7b1b89f8a63/nodejs_wheel_binaries-24.19.0.tar.gz", hash = "sha256:db217eef8cab8551667863379b08db4d9067403f6cbbe87481eb40edceb8aa9b", size = 8058, upload-time = "2026-08-19T21:47:19.671Z" }
wheels = [
    { url = "https://files.pythonhosted.org/packages/8c/52/0774b52c7be8151ad9d5aff44edc100c3f13d6d8eb3765f63ffa40e69fe8/nodejs_wheel_binaries-24.19.0-py2.py3-none-macosx_13_0_arm64.whl", hash = "sha256:e12cbfd69089504e42fb14194ce734a9dcf3eb38c820ca63dd511d36fb964e9c", size = 56047203, upload-time = "2026-08-19T21:46:43.448Z" },
    { url = "https://files.pythonhosted.org/packages/67/3a/4fdbbfecf2c23d52c0e3f68de7f7c1b3c97a26d328c69c5f6c49c48e340e/nodejs_wheel_binaries-24.19.0-py2.py3-none-macosx_13_0_x86_64.whl", hash = "sha256:1c890adf4b7e6556ccc1ca66c866bb81884b6c9a581dee4e530dc7f78fb9d514", size = 56219459, upload-time = "2026-08-19T21:46:48.45Z" },
    { url = "https://files.pythonhosted.org/packages/5f/a8/0147149415195c59b8a72a594916bfb80d6be4d586f9fbfda313889e0efc/nodejs_wheel_binaries-24.19.0-py2.py3-none-manylinux_2_28_aarch64.whl", hash = "sha256:4e029dadfae1295876063c96b236f673487e8c27379fe146c1e2250283520227", size = 60588256, upload-time = "2026-08-19T21:46:53.298Z" },
    { url = "https://files.pythonhosted.org/packages/f4/89/6631d0982353da1bb7bc00bb1988f702822c62b42634f57999ee53b5c337/nodejs_wheel_binaries-24.19.0-py2.py3-none-manylinux_2_28_x86_64.whl", hash = "sha256:4196a947bcc883f2003ab101762d729f3e99b5e86b75bd09151563403e2eceb8", size = 61123607, upload-time = "2026-08-19T21:46:58.117Z" },
    { url = "https://files.pythonhosted.org/packages/32/a2/fa30f0841e4602995782e124359f9b910c7b481d98decf61ef0b2fc3ebfb/nodejs_wheel_binaries-24.19.0-py2.py3-none-musllinux_1_2_aarch64.whl", hash = "sha256:352e048ab4dd35e7de5f338d1cc4fcbf77a0e93da30bf7336a8217ee246b31d7", size = 62632842, upload-time = "2026-08-19T21:47:03.42Z" },
    { url = "https://files.pythonhosted.org/packages/18/01/22d97ca72213f66cc386ee638db30c2e62757fdf761c6029074bced83d1c/nodejs_wheel_binaries-24.19.0-py2.py3-none-musllinux_1_2_x86_64.whl", hash = "sha256:28d078b2ced9e2069516e652dc4b1380e7a1a7f2d3934eccd1611586d283ba4c", size = 63250653, upload-time = "2026-08-19T21:47:07.938Z" },
    { url = "https://files.pythonhosted.org/packages/88/d1/e3be8fa327a795bcaf7a19cd84299e338a7bce32ff0665fdce9cfa22573c/nodejs_wheel_binaries-24.19.0-py2.py3-none-win_amd64.whl", hash = "sha256:67e3abeb9c3830cae8c8487ae8a2af7cc27dfa75af06145cee5ca7d1857c81bd", size = 42448503, upload-time = "2026-08-19T21:47:12.093Z" },
    { url = "https://files.pythonhosted.org/packages/1d/37/34cf28ba1691a060174948a9927fe61091982d6048b2e403071a9acce443/nodejs_wheel_binaries-24.19.0-py2.py3-none-win_arm64.whl", hash = "sha256:d9074c665ea68b04e183d82482c86dc907d3a9bd15eb6cf85542cb785266bb36", size = 40090155, upload-time = "2026-08-19T21:47:16.032Z" },
]

[[package]]
name = "pyright"
version = "1.1.414"
source = { registry = "https://pypi.org/simple" }
dependencies = [
    { name = "nodeenv" },
    { name = "typing-extensions" },
]
sdist = { url = "https://files.pythonhosted.org/packages/e1/1b/244c7b710031ada80f27e579ec20d28a2285dfc318fed0339866b1047f12/pyright-1.1.414.tar.gz", hash = "sha256:523c0a97c60da6333234955c277730c9cf4f5bd6d5399e7b7d2b0fc5d3599524", size = 4154638, upload-time = "2026-09-10T12:26:53.181Z" }
wheels = [
    { url = "https://files.pythonhosted.org/packages/d7/ba/18b6e682ead424ad24bcc134339ae5d1b931cd9ae260540592a058a91279/pyright-1.1.414-py3-none-any.whl", hash = "sha256:2a6b4b3298c9eec174c5ed83bd338de6eee82df2992f3e1930e6199d381be36f", size = 6225049, upload-time = "2026-09-10T12:26:51.427Z" },
]

[package.optional-dependencies]
nodejs = [
    { name = "nodejs-wheel-binaries" },
]

[[package]]
name = "ruff"
version = "0.16.9"
source = { registry = "https://pypi.org/simple" }
sdist = { url = "https://files.pythonhosted.org/packages/96/bf/c935ca98e73fe8ce65b87ef08a280c0c1e85295d569228c15e87d8fdfaf1/ruff-0.16.9.tar.gz", hash = "sha256:12b625c6cfba78d285d9f48eda5f053374f1e53cb10ef17342a383750db99161", size = 4948764, upload-time = "2026-09-24T20:37:49.416Z" }
wheels = [
    { url = "https://files.pythonhosted.org/packages/0d/26/df51322b52ee1ada7eff2d071ea09d11d5c2d1dcc9f02594f5785c4d1635/ruff-0.16.9-py3-none-linux_armv6l.whl", hash = "sha256:95e6f022090368ab3b824c36276839c53b2adf1a3f4c09fefc33dfc400f6da96", size = 10082922, upload-time = "2026-09-24T20:37:13.045Z" },
    { url = "https://files.pythonhosted.org/packages/a5/27/7bf51f5a7aa375e9f339280a303aab44ca75dc1525f1cdc5991761685b0f/ruff-0.16.9-py3-none-macosx_10_12_x86_64.whl", hash = "sha256:a5f27be168556594a86d2f415db0cf43f5291917849318f873c7e2791f7a8c67", size = 10236360, upload-time = "2026-09-24T20:37:16.049Z" },
    { url = "https://files.pythonhosted.org/packages/b6/63/09659283f92f02dff45809da194a70da2f688d87c55d8875c4fae3536072/ruff-0.16.9-py3-none-macosx_11_0_arm64.whl", hash = "sha256:1632eb1d6197f33bd00b1acbc5b71009e89a8895c158e2d2b03a834fac964ab6", size = 9892940, upload-time = "2026-09-24T20:37:17.957Z" },
    { url = "https://files.pythonhosted.org/packages/24/58/98de1b72ec172f5f8f1731236fe21585b3998bf7dfe9fcc44ae9ba626012/ruff-0.16.9-py3-none-manylinux_2_17_aarch64.manylinux2014_aarch64.whl", hash = "sha256:b3f951b14d865d5952c89d40a5ca07e87abe24fa5453299878411e127748fb1c", size = 10032114, upload-time = "2026-09-24T20:37:19.942Z" },
    { url = "https://files.pythonhosted.org/packages/c8/7d/f1e17c54ab59d4bad1dce8ee3e22a7a1d0ef4745240decacdcf3832b5bb2/ruff-0.16.9-py3-none-manylinux_2_17_armv7l.manylinux2014_armv7l.whl", hash = "sha256:447fc07e1573afff7cb02803462b12b6c8ece7cf10e2cd78565fa6d7a1c0bf8d", size = 9910227, upload-time = "2026-09-24T20:37:21.872Z" },
    { url = "https://files.pythonhosted.org/packages/34/19/436f647a65075bbd3bab2668b3bdaa5120559b294694018cdcefabbbf30b/ruff-0.16.9-py3-none-manylinux_2_17_i686.manylinux2014_i686.whl", hash = "sha256:8a3e039a6a40ed976c491722b60e0ae4a4aa1a86057f540ee7a37a5d19ae9120", size = 10547484, upload-time = "2026-09-24T20:37:24.229Z" },
    { url = "https://files.pythonhosted.org/packages/03/59/38430a6bc2f6d8095447ac39625cf8b6e9344a47e6c26225c8ba1bff3ffb/ruff-0.16.9-py3-none-manylinux_2_17_ppc64le.manylinux2014_ppc64le.whl", hash = "sha256:4684dded7db60aa57cb118fa158630f5feade4af5782903b6053484bdf9bd129", size = 11412367, upload-time = "2026-09-24T20:37:26.307Z" },
    { url = "https://files.pythonhosted.org/packages/c8/bd/bbb6d7fc7f208c8b8c50dd5dc8206e4cfdb1e7a8fb852606a3adf370c880/ruff-0.16.9-py3-none-manylinux_2_17_s390x.manylinux2014_s390x.whl", hash = "sha256:d29c934357e45642fda2f34c0b1f4025b4a6c01e15e4bf0016879d60078a142c", size = 10869787, upload-time = "2026-09-24T20:37:28.35Z" },
    { url = "https://files.pythonhosted.org/packages/bc/b8/9c543074918061abbefc3bd139bee22de35abedb00dde0f2d27288838962/ruff-0.16.9-py3-none-manylinux_2_17_x86_64.manylinux2014_x86_64.whl", hash = "sha256:a21713e629d3e5bdb2f5c2def1cc7f04f47fa8e1a7eb0571b4a28e1da64bc728", size = 10406494, upload-time = "2026-09-24T20:37:30.624Z" },
    { url = "https://files.pythonhosted.org/packages/35/7a/5a8851bd146e7ccf8fd4b003f6c75c11f8fbdb0e60673b45097986b6bf41/ruff-0.16.9-py3-none-manylinux_2_31_riscv64.whl", hash = "sha256:7baa24ef5fc8e77aa93879e1d3f43754a01ae488e869f1ae30cf431afd4d2452", size = 10590083, upload-time = "2026-09-24T20:37:32.439Z" },
    { url = "https://files.pythonhosted.org/packages/87/f0/4c3467188f23f806960b46fa76575a7cd0514c9ba90562650b71efc96980/ruff-0.16.9-py3-none-musllinux_1_2_aarch64.whl", hash = "sha256:a41aac6230aadfaa133bdfa1614488531ffa3e0837567ae04c0da2058a9c0f9e", size = 10119151, upload-time = "2026-09-24T20:37:34.581Z" },
    { url = "https://files.pythonhosted.org/packages/15/34/5a4def5adea572ce6aea0bb64f21f928ee317b80e0db747d7979b01d7261/ruff-0.16.9-py3-none-musllinux_1_2_armv7l.whl", hash = "sha256:c2529fb5896d49115b0e9aa8f887490b34bbe76baf879ec2264ac59406869ce7", size = 9911544, upload-time = "2026-09-24T20:37:36.796Z" },
    { url = "https://files.pythonhosted.org/packages/62/5d/d15ebea7499eef9373318c0ee6ca127832927c6529731f6d48e18dce7ca9/ruff-0.16.9-py3-none-musllinux_1_2_i686.whl", hash = "sha256:41e3870277694177429b56406d65dfbdb2c2802c52b715edaf6a0b829c69d4ee", size = 10269884, upload-time = "2026-09-24T20:37:38.857Z" },
    { url = "https://files.pythonhosted.org/packages/d1/56/c5d3cd119ded7a3c7aba0e961b69cb3df701c91662c98ad694467d060ce1/ruff-0.16.9-py3-none-musllinux_1_2_x86_64.whl", hash = "sha256:8adbe4e58af167f767d7b2ba5e83c42e878350796cf78c2f5e14ab9903a92588", size = 10749366, upload-time = "2026-09-24T20:37:41.042Z" },
    { url = "https://files.pythonhosted.org/packages/ac/fe/734ec7527029ac757ecf821f143c9f3fcf69149c21f53a044a899b430f5a/ruff-0.16.9-py3-none-win32.whl", hash = "sha256:0e1dbc2073624dee6618d41d0098690a7244654af746704b64759e12b6b6b385", size = 10152355, upload-time = "2026-09-24T20:37:43.025Z" },
    { url = "https://files.pythonhosted.org/packages/14/21/26e4643629b3ebb44f0a06f9c9a53058d63d989415f63a9a3c28e2ee7f22/ruff-0.16.9-py3-none-win_amd64.whl", hash = "sha256:6bd40fec8cd4c8a3d4dd589bd8ad4e6320c13c29234159bfd959a40d529d597b", size = 10592965, upload-time = "2026-09-24T20:37:44.944Z" },
    { url = "https://files.pythonhosted.org/packages/51/60/5fb1a39dbb5ae314d5f59bc7348a63c1d5c20f3cd83914c4b5cb0be31d2d/ruff-0.16.9-py3-none-win_arm64.whl", hash = "sha256:ed1a252039200f57a59eebc063b54beabea67bfbaaca0eeaa7f54b5fbcda2284", size = 10458649, upload-time = "2026-09-24T20:37:46.882Z" },
]

[[package]]
name = "sortedcontainers"
version = "2.4.0"
source = { registry = "https://pypi.org/simple" }
sdist = { url = "https://files.pythonhosted.org/packages/e8/c4/ba2f8066cceb6f23394729afe52f3bf7adec04bf9ed2c820b39e19299111/sortedcontainers-2.4.0.tar.gz", hash = "sha256:25caa5a06cc30b6b83d11423433f65d1f9d76c4c6a0c90e3379eaa43b9bfdb88", size = 30594, upload-time = "2021-05-16T22:03:42.897Z" }
wheels = [
    { url = "https://files.pythonhosted.org/packages/32/46/9cb0e58b2deb7f82b84065f37f3bffeb12413f947f9388e4cac22c4621ce/sortedcontainers-2.4.0-py2.py3-none-any.whl", hash = "sha256:a163dcaede0f1c021485e957a39245190e74249897e2ae4b2aa38595db237ee0", size = 29575, upload-time = "2021-05-16T22:03:41.177Z" },
]

[[package]]
name = "typing-extensions"
version = "4.16.0"
source = { registry = "https://pypi.org/simple" }
sdist = { url = "https://files.pythonhosted.org/packages/f6/cc/6253133b5bb138fc3306cebfbda2c520f545d36b5be2c7255cc528bb45d6/typing_extensions-4.16.0.tar.gz", hash = "sha256:dc983d19a509c94dba722ee6abd33940f7c05a89e243c47e907eb4db6f1a43e5", size = 113555, upload-time = "2026-07-02T08:40:05.92Z" }
wheels = [
    { url = "https://files.pythonhosted.org/packages/49/d3/b8441a820a491ddfc024b0b0cf0393375b75ea13866d9c66727e54c2fc80/typing_extensions-4.16.0-py3-none-any.whl", hash = "sha256:481caa481374e813c1b176ada14e97f1f67a4539ce9cfeb3f350d78d6370c2e8", size = 45571, upload-time = "2026-07-02T08:40:04.659Z" },
]
